
Microsoft Visual Studio Solution File, Format Version 12.00
# Visual Studio Version 16
VisualStudioVersion = 16.0.30320.27
MinimumVisualStudioVersion = 10.0.40219.1
Project("{FAE04EC0-301F-11D3-BF4B-00C04F79EFBC}") = "HomeworkWeek2Lesson4", "HomeworkDotnet1\HomeworkWeek2Lesson4.csproj", "{7161CC68-A10B-4B00-9AF9-8517510B7224}"
EndProject
Project("{FAE04EC0-301F-11D3-BF4B-00C04F79EFBC}") = "HomeworkWeek2Lesson7", "HomeworkWeek2Lesszon4\HomeworkWeek2Lesson7.csproj", "{5646880B-B2D5-4380-AC56-4ACFDCCDF237}"
EndProject
Project("{FAE04EC0-301F-11D3-BF4B-00C04F79EFBC}") = "HomeworkWeek2Lesson8", "HomeworkWeek2Lesson8\HomeworkWeek2Lesson8.csproj", "{E0A94462-48B8-4F13-8E23-335B725F6AC0}"
EndProject
Global
	GlobalSection(SolutionConfigurationPlatforms) = preSolution
		Debug|Any CPU = Debug|Any CPU
		Release|Any CPU = Release|Any CPU
	EndGlobalSection
	GlobalSection(ProjectConfigurationPlatforms) = postSolution
		{7161CC68-A10B-4B00-9AF9-8517510B7224}.Debug|Any CPU.ActiveCfg = Debug|Any CPU
		{7161CC68-A10B-4B00-9AF9-8517510B7224}.Debug|Any CPU.Build.0 = Debug|Any CPU
		{7161CC68-A10B-4B00-9AF9-8517510B7224}.Release|Any CPU.ActiveCfg = Release|Any CPU
		{7161CC68-A10B-4B00-9AF9-8517510B7224}.Release|Any CPU.Build.0 = Release|Any CPU
		{5646880B-B2D5-4380-AC56-4ACFDCCDF237}.Debug|Any CPU.ActiveCfg = Debug|Any CPU
		{5646880B-B2D5-4380-AC56-4ACFDCCDF237}.Debug|Any CPU.Build.0 = Debug|Any CPU
		{5646880B-B2D5-4380-AC56-4ACFDCCDF237}.Release|Any CPU.ActiveCfg = Release|Any CPU
		{5646880B-B2D5-4380-AC56-4ACFDCCDF237}.Release|Any CPU.Build.0 = Release|Any CPU
		{E0A94462-48B8-4F13-8E23-335B725F6AC0}.Debug|Any CPU.ActiveCfg = Debug|Any CPU
		{E0A94462-48B8-4F13-8E23-335B725F6AC0}.Debug|Any CPU.Build.0 = Debug|Any CPU
		{E0A94462-48B8-4F13-8E23-335B725F6AC0}.Release|Any CPU.ActiveCfg = Release|Any CPU
		{E0A94462-48B8-4F13-8E23-335B725F6AC0}.Release|Any CPU.Build.0 = Release|Any CPU
	EndGlobalSection
	GlobalSection(SolutionProperties) = preSolution
		HideSolutionNode = FALSE
	EndGlobalSection
	GlobalSection(ExtensibilityGlobals) = postSolution
		SolutionGuid = {D7F50B35-5CC5-4FB8-8427-2DA3A13082B4}
	EndGlobalSection
EndGlobal
